
Microsoft Visual Studio Solution File, Format Version 12.00
# Visual Studio Version 17
VisualStudioVersion = 17.5.33424.131
MinimumVisualStudioVersion = 10.0.40219.1
Project("{9A19103F-16F7-4668-BE54-9A1E7A4F7556}") = "GeradorDeTestes.WinApp", "GeradorDeTestes.WinApp\GeradorDeTestes.WinApp.csproj", "{8E5E4547-2550-492C-9A38-56EE25FDEE15}"
EndProject
Project("{2150E333-8FDC-42A3-9474-1A3956D46DE8}") = "1- Apresentação", "1- Apresentação", "{35C4B3F6-421D-433E-8E1E-397580651C97}"
EndProject
Project("{2150E333-8FDC-42A3-9474-1A3956D46DE8}") = "2- Domínio", "2- Domínio", "{E55ADF24-1969-4E15-A530-14703C180C18}"
EndProject
Project("{2150E333-8FDC-42A3-9474-1A3956D46DE8}") = "3- Infra", "3- Infra", "{807A1203-5A16-4F96-94EC-00AB8FD67688}"
EndProject
Project("{9A19103F-16F7-4668-BE54-9A1E7A4F7556}") = "GeradorDeTestes.Infra.Dados.Sql", "GeradorDeTestes.Infra.Dados.Sql\GeradorDeTestes.Infra.Dados.Sql.csproj", "{05F6691E-E379-4451-8B84-AFC75C5D952F}"
EndProject
Project("{9A19103F-16F7-4668-BE54-9A1E7A4F7556}") = "GeradorDeTestes.Dominio", "GeradorDeTestes.Dominio\GeradorDeTestes.Dominio.csproj", "{ACDBE592-1B3B-442C-9279-1A5A07DA0B77}"
EndProject
Project("{00D1A9C2-B5F0-4AF3-8072-F6C62B433612}") = "GeradorDeTestes.Infra.Dados.Sql.ProjetoBancoDeDados", "GeradorDeTestes.Infra.Dados.Sql.ProjetoBancoDeDados\GeradorDeTestes.Infra.Dados.Sql.ProjetoBancoDeDados.sqlproj", "{DD33C501-88DA-47F4-8FD7-C50F933FF00F}"
EndProject
Global
	GlobalSection(SolutionConfigurationPlatforms) = preSolution
		Debug|Any CPU = Debug|Any CPU
		Release|Any CPU = Release|Any CPU
	EndGlobalSection
	GlobalSection(ProjectConfigurationPlatforms) = postSolution
		{8E5E4547-2550-492C-9A38-56EE25FDEE15}.Debug|Any CPU.ActiveCfg = Debug|Any CPU
		{8E5E4547-2550-492C-9A38-56EE25FDEE15}.Debug|Any CPU.Build.0 = Debug|Any CPU
		{8E5E4547-2550-492C-9A38-56EE25FDEE15}.Release|Any CPU.ActiveCfg = Release|Any CPU
		{8E5E4547-2550-492C-9A38-56EE25FDEE15}.Release|Any CPU.Build.0 = Release|Any CPU
		{05F6691E-E379-4451-8B84-AFC75C5D952F}.Debug|Any CPU.ActiveCfg = Debug|Any CPU
		{05F6691E-E379-4451-8B84-AFC75C5D952F}.Debug|Any CPU.Build.0 = Debug|Any CPU
		{05F6691E-E379-4451-8B84-AFC75C5D952F}.Release|Any CPU.ActiveCfg = Release|Any CPU
		{05F6691E-E379-4451-8B84-AFC75C5D952F}.Release|Any CPU.Build.0 = Release|Any CPU
		{ACDBE592-1B3B-442C-9279-1A5A07DA0B77}.Debug|Any CPU.ActiveCfg = Debug|Any CPU
		{ACDBE592-1B3B-442C-9279-1A5A07DA0B77}.Debug|Any CPU.Build.0 = Debug|Any CPU
		{ACDBE592-1B3B-442C-9279-1A5A07DA0B77}.Release|Any CPU.ActiveCfg = Release|Any CPU
		{ACDBE592-1B3B-442C-9279-1A5A07DA0B77}.Release|Any CPU.Build.0 = Release|Any CPU
		{DD33C501-88DA-47F4-8FD7-C50F933FF00F}.Debug|Any CPU.ActiveCfg = Debug|Any CPU
		{DD33C501-88DA-47F4-8FD7-C50F933FF00F}.Debug|Any CPU.Build.0 = Debug|Any CPU
		{DD33C501-88DA-47F4-8FD7-C50F933FF00F}.Debug|Any CPU.Deploy.0 = Debug|Any CPU
		{DD33C501-88DA-47F4-8FD7-C50F933FF00F}.Release|Any CPU.ActiveCfg = Release|Any CPU
		{DD33C501-88DA-47F4-8FD7-C50F933FF00F}.Release|Any CPU.Build.0 = Release|Any CPU
		{DD33C501-88DA-47F4-8FD7-C50F933FF00F}.Release|Any CPU.Deploy.0 = Release|Any CPU
	EndGlobalSection
	GlobalSection(SolutionProperties) = preSolution
		HideSolutionNode = FALSE
	EndGlobalSection
	GlobalSection(NestedProjects) = preSolution
		{8E5E4547-2550-492C-9A38-56EE25FDEE15} = {35C4B3F6-421D-433E-8E1E-397580651C97}
		{05F6691E-E379-4451-8B84-AFC75C5D952F} = {807A1203-5A16-4F96-94EC-00AB8FD67688}
		{ACDBE592-1B3B-442C-9279-1A5A07DA0B77} = {E55ADF24-1969-4E15-A530-14703C180C18}
		{DD33C501-88DA-47F4-8FD7-C50F933FF00F} = {807A1203-5A16-4F96-94EC-00AB8FD67688}
	EndGlobalSection
	GlobalSection(ExtensibilityGlobals) = postSolution
		SolutionGuid = {CC7B7623-3A32-4067-8D65-93A5D73299A8}
	EndGlobalSection
EndGlobal
